
Microsoft Visual Studio Solution File, Format Version 12.00
# Visual Studio Version 17
VisualStudioVersion = 17.5.33424.131
MinimumVisualStudioVersion = 10.0.40219.1
Project("{FAE04EC0-301F-11D3-BF4B-00C04F79EFBC}") = "Aud1_2_FirstForm", "Aud1_2_FirstForm\Aud1_2_FirstForm.csproj", "{AE1D1C22-17A0-4F1A-94EF-E367E6FD402B}"
EndProject
Global
	GlobalSection(SolutionConfigurationPlatforms) = preSolution
		Debug|Any CPU = Debug|Any CPU
		Release|Any CPU = Release|Any CPU
	EndGlobalSection
	GlobalSection(ProjectConfigurationPlatforms) = postSolution
		{AE1D1C22-17A0-4F1A-94EF-E367E6FD402B}.Debug|Any CPU.ActiveCfg = Debug|Any CPU
		{AE1D1C22-17A0-4F1A-94EF-E367E6FD402B}.Debug|Any CPU.Build.0 = Debug|Any CPU
		{AE1D1C22-17A0-4F1A-94EF-E367E6FD402B}.Release|Any CPU.ActiveCfg = Release|Any CPU
		{AE1D1C22-17A0-4F1A-94EF-E367E6FD402B}.Release|Any CPU.Build.0 = Release|Any CPU
	EndGlobalSection
	GlobalSection(SolutionProperties) = preSolution
		HideSolutionNode = FALSE
	EndGlobalSection
	GlobalSection(ExtensibilityGlobals) = postSolution
		SolutionGuid = {1EF9E752-864E-45B3-9231-67A46165AFDB}
	EndGlobalSection
EndGlobal
